{
  "originHash" : "4ba96893dcd8b4d364f590e1514fdfc6bc41f279291868d659ca164eb81f9827",
  "pins" : [
    {
      "identity" : "swiftmessages",
      "kind" : "remoteSourceControl",
      "location" : "https://github.com/SwiftKickMobile/SwiftMessages.git",
      "state" : {
        "revision" : "c0ff6c65bfc00e6a707957cb7069988c5cde2a30",
        "version" : "10.0.2"
      }
    }
  ],
  "version" : 3
}
